
Microsoft Visual Studio Solution File, Format Version 12.00
# Visual Studio 15
VisualStudioVersion = 15.0.28010.2050
MinimumVisualStudioVersion = 10.0.40219.1
Project("{8BC9CEB8-8B4A-11D0-8D11-00A0C91BC942}") = "Server", "Server\Server.vcxproj", "{6A04BE59-049F-4581-91BC-0543E16F1A41}"
EndProject
Project("{8BC9CEB8-8B4A-11D0-8D11-00A0C91BC942}") = "Network", "Network\Network.vcxproj", "{D74713CA-5565-4107-BB2C-BE5BFA892FDC}"
EndProject
Global
	GlobalSection(SolutionConfigurationPlatforms) = preSolution
		Debug|x64 = Debug|x64
		Debug|x86 = Debug|x86
		Release|x64 = Release|x64
		Release|x86 = Release|x86
	EndGlobalSection
	GlobalSection(ProjectConfigurationPlatforms) = postSolution
		{6A04BE59-049F-4581-91BC-0543E16F1A41}.Debug|x64.ActiveCfg = Debug|x64
		{6A04BE59-049F-4581-91BC-0543E16F1A41}.Debug|x64.Build.0 = Debug|x64
		{6A04BE59-049F-4581-91BC-0543E16F1A41}.Debug|x86.ActiveCfg = Debug|Win32
		{6A04BE59-049F-4581-91BC-0543E16F1A41}.Debug|x86.Build.0 = Debug|Win32
		{6A04BE59-049F-4581-91BC-0543E16F1A41}.Release|x64.ActiveCfg = Release|x64
		{6A04BE59-049F-4581-91BC-0543E16F1A41}.Release|x64.Build.0 = Release|x64
		{6A04BE59-049F-4581-91BC-0543E16F1A41}.Release|x86.ActiveCfg = Release|Win32
		{6A04BE59-049F-4581-91BC-0543E16F1A41}.Release|x86.Build.0 = Release|Win32
		{D74713CA-5565-4107-BB2C-BE5BFA892FDC}.Debug|x64.ActiveCfg = Debug|x64
		{D74713CA-5565-4107-BB2C-BE5BFA892FDC}.Debug|x64.Build.0 = Debug|x64
		{D74713CA-5565-4107-BB2C-BE5BFA892FDC}.Debug|x86.ActiveCfg = Debug|Win32
		{D74713CA-5565-4107-BB2C-BE5BFA892FDC}.Debug|x86.Build.0 = Debug|Win32
		{D74713CA-5565-4107-BB2C-BE5BFA892FDC}.Release|x64.ActiveCfg = Release|x64
		{D74713CA-5565-4107-BB2C-BE5BFA892FDC}.Release|x64.Build.0 = Release|x64
		{D74713CA-5565-4107-BB2C-BE5BFA892FDC}.Release|x86.ActiveCfg = Release|Win32
		{D74713CA-5565-4107-BB2C-BE5BFA892FDC}.Release|x86.Build.0 = Release|Win32
	EndGlobalSection
	GlobalSection(SolutionProperties) = preSolution
		HideSolutionNode = FALSE
	EndGlobalSection
	GlobalSection(ExtensibilityGlobals) = postSolution
		SolutionGuid = {DAA6E5C0-5B43-4AAE-AC42-17AE1F6B9B74}
	EndGlobalSection
EndGlobal
